lockfileVersion: 5.4

specifiers:
  '@types/node': ^18.15.5
  '@types/react': 18.0.28
  classnames: ^2.3.2
  next-themes: ^0.2.1
  react: 18.2.0
  typescript: 5.0.2

dependencies:
  '@types/node': 18.15.6
  '@types/react': 18.0.28
  classnames: 2.3.2
  next-themes: 0.2.1_react@18.2.0
  react: 18.2.0
  typescript: 5.0.2

packages:

  /@types/node/18.15.6:
    resolution: {integrity: sha512-YErOafCZpK4g+Rp3Q/PBgZNAsWKGunQTm9FA3/Pbcm0VCriTEzcrutQ/SxSc0rytAp0NoFWue669jmKhEtd0sA==}
    dev: false

  /@types/prop-types/15.7.5:
    resolution: {integrity: sha512-JCB8C6SnDoQf0cNycqd/35A7MjcnK+ZTqE7judS6o7utxUCg6imJg3QK2qzHKszlTjcj2cn+NwMB2i96ubpj7w==}
    dev: false

  /@types/react/18.0.28:
    resolution: {integrity: sha512-RD0ivG1kEztNBdoAK7lekI9M+azSnitIn85h4iOiaLjaTrMjzslhaqCGaI4IyCJ1RljWiLCEu4jyrLLgqxBTew==}
    dependencies:
      '@types/prop-types': 15.7.5
      '@types/scheduler': 0.16.3
      csstype: 3.1.1
    dev: false

  /@types/scheduler/0.16.3:
    resolution: {integrity: sha512-5cJ8CB4yAx7BH1oMvdU0Jh9lrEXyPkar6F9G/ERswkCuvP4KQZfZkSjcMbAICCpQTN4OuZn8tz0HiKv9TGZgrQ==}
    dev: false

  /classnames/2.3.2:
    resolution: {integrity: sha512-CSbhY4cFEJRe6/GQzIk5qXZ4Jeg5pcsP7b5peFSDpffpe1cqjASH/n9UTjBwOp6XpMSTwQ8Za2K5V02ueA7Tmw==}
    dev: false

  /csstype/3.1.1:
    resolution: {integrity: sha512-DJR/VvkAvSZW9bTouZue2sSxDwdTN92uHjqeKVm+0dAqdfNykRzQ95tay8aXMBAAPpUiq4Qcug2L7neoRh2Egw==}
    dev: false

  /js-tokens/4.0.0:
    resolution: {integrity: sha512-RdJUflcE3cUzKiMqQgsCu06FPu9UdIJO0beYbPhHN4k6apgJtifcoCtT9bcxOpYBtpD2kCM6Sbzg4CausW/PKQ==}
    dev: false

  /loose-envify/1.4.0:
    resolution: {integrity: sha512-lyuxPGr/Wfhrlem2CL/UcnUc1zcqKAImBDzukY7Y5F/yQiNdko6+fRLevlw1HgMySw7f611UIY408EtxRSoK3Q==}
    hasBin: true
    dependencies:
      js-tokens: 4.0.0
    dev: false

  /next-themes/0.2.1_react@18.2.0:
    resolution: {integrity: sha512-B+AKNfYNIzh0vqQQKqQItTS8evEouKD7H5Hj3kmuPERwddR2TxvDSFZuTj6T7Jfn1oyeUyJMydPl1Bkxkh0W7A==}
    peerDependencies:
      next: '*'
      react: '*'
      react-dom: '*'
    dependencies:
      react: 18.2.0
    dev: false

  /react/18.2.0:
    resolution: {integrity: sha512-/3IjMdb2L9QbBdWiW5e3P2/npwMBaU9mHCSCUzNln0ZCYbcfTsGbTJrU/kGemdH2IWmB2ioZ+zkxtmq6g09fGQ==}
    engines: {node: '>=0.10.0'}
    dependencies:
      loose-envify: 1.4.0
    dev: false

  /typescript/5.0.2:
    resolution: {integrity: sha512-wVORMBGO/FAs/++blGNeAVdbNKtIh1rbBL2EyQ1+J9lClJ93KiiKe8PmFIVdXhHcyv44SL9oglmfeSsndo0jRw==}
    engines: {node: '>=12.20'}
    hasBin: true
    dev: false
